{
  "name": "csinterface",
  "version": "0.1.0",
  "lockfileVersion": 1,
  "requires": true,
  "dependencies": {
    "@types/node": {
      "version": "8.10.56",
      "resolved": "https://registry.npmjs.org/@types/node/-/node-8.10.56.tgz",
      "integrity": "sha512-5yWs9hy3UWdandOgvmmPCNJ3jI5/o8syatQWOmiAO/9/PptOQ+0O2ANKHltFhE4MGCt/QiVkoxQFUbeha9Yf4w==",
      "dev": true
    },
    "typescript": {
      "version": "3.6.4",
      "resolved": "https://registry.npmjs.org/typescript/-/typescript-3.6.4.tgz",
      "integrity": "sha512-unoCll1+l+YK4i4F8f22TaNVPRHcD9PA3yCuZ8g5e0qGqlVlJ/8FSateOLLSagn+Yg5+ZwuPkL8LFUc0Jcvksg==",
      "dev": true
    }
  }
}
